
Microsoft Visual Studio Solution File, Format Version 12.00
# Visual Studio Express 14 for Windows Desktop
VisualStudioVersion = 14.0.23107.0
MinimumVisualStudioVersion = 10.0.40219.1
Project("{F184B08F-C81C-45F6-A57F-5ABD9991F28F}") = "Confirma nome", "Confirma nome\Confirma nome.vbproj", "{6E9A7B34-A923-4BF2-9B34-49E123A7F0CD}"
EndProject
Global
	GlobalSection(SolutionConfigurationPlatforms) = preSolution
		Debug|Any CPU = Debug|Any CPU
		Release|Any CPU = Release|Any CPU
	EndGlobalSection
	GlobalSection(ProjectConfigurationPlatforms) = postSolution
		{6E9A7B34-A923-4BF2-9B34-49E123A7F0CD}.Debug|Any CPU.ActiveCfg = Debug|Any CPU
		{6E9A7B34-A923-4BF2-9B34-49E123A7F0CD}.Debug|Any CPU.Build.0 = Debug|Any CPU
		{6E9A7B34-A923-4BF2-9B34-49E123A7F0CD}.Release|Any CPU.ActiveCfg = Release|Any CPU
		{6E9A7B34-A923-4BF2-9B34-49E123A7F0CD}.Release|Any CPU.Build.0 = Release|Any CPU
	EndGlobalSection
	GlobalSection(SolutionProperties) = preSolution
		HideSolutionNode = FALSE
	EndGlobalSection
EndGlobal
